
Microsoft Visual Studio Solution File, Format Version 12.00
# Visual Studio Version 17
VisualStudioVersion = 17.4.33213.308
MinimumVisualStudioVersion = 10.0.40219.1
Project("{FAE04EC0-301F-11D3-BF4B-00C04F79EFBC}") = "SisonkeBank.Android", "SisonkeBank\SisonkeBank.Android\SisonkeBank.Android.csproj", "{F4498A57-8650-423E-8CDF-4C81A06E5F37}"
EndProject
Project("{FAE04EC0-301F-11D3-BF4B-00C04F79EFBC}") = "SisonkeBank.iOS", "SisonkeBank\SisonkeBank.iOS\SisonkeBank.iOS.csproj", "{BFF18CDA-7CCE-4AC0-AE50-0778451B6E92}"
EndProject
Project("{FAE04EC0-301F-11D3-BF4B-00C04F79EFBC}") = "SisonkeBank", "SisonkeBank\SisonkeBank\SisonkeBank.csproj", "{9A0FF057-B49E-48CD-BEF3-B04C372678E2}"
EndProject
Global
	GlobalSection(SolutionConfigurationPlatforms) = preSolution
		Debug|Any CPU = Debug|Any CPU
		Debug|iPhone = Debug|iPhone
		Debug|iPhoneSimulator = Debug|iPhoneSimulator
		Release|Any CPU = Release|Any CPU
		Release|iPhone = Release|iPhone
		Release|iPhoneSimulator = Release|iPhoneSimulator
	EndGlobalSection
	GlobalSection(ProjectConfigurationPlatforms) = postSolution
		{F4498A57-8650-423E-8CDF-4C81A06E5F37}.Debug|Any CPU.ActiveCfg = Debug|Any CPU
		{F4498A57-8650-423E-8CDF-4C81A06E5F37}.Debug|Any CPU.Build.0 = Debug|Any CPU
		{F4498A57-8650-423E-8CDF-4C81A06E5F37}.Debug|Any CPU.Deploy.0 = Debug|Any CPU
		{F4498A57-8650-423E-8CDF-4C81A06E5F37}.Debug|iPhone.ActiveCfg = Debug|Any CPU
		{F4498A57-8650-423E-8CDF-4C81A06E5F37}.Debug|iPhone.Build.0 = Debug|Any CPU
		{F4498A57-8650-423E-8CDF-4C81A06E5F37}.Debug|iPhone.Deploy.0 = Debug|Any CPU
		{F4498A57-8650-423E-8CDF-4C81A06E5F37}.Debug|iPhoneSimulator.ActiveCfg = Debug|Any CPU
		{F4498A57-8650-423E-8CDF-4C81A06E5F37}.Debug|iPhoneSimulator.Build.0 = Debug|Any CPU
		{F4498A57-8650-423E-8CDF-4C81A06E5F37}.Debug|iPhoneSimulator.Deploy.0 = Debug|Any CPU
		{F4498A57-8650-423E-8CDF-4C81A06E5F37}.Release|Any CPU.ActiveCfg = Release|Any CPU
		{F4498A57-8650-423E-8CDF-4C81A06E5F37}.Release|Any CPU.Build.0 = Release|Any CPU
		{F4498A57-8650-423E-8CDF-4C81A06E5F37}.Release|Any CPU.Deploy.0 = Release|Any CPU
		{F4498A57-8650-423E-8CDF-4C81A06E5F37}.Release|iPhone.ActiveCfg = Release|Any CPU
		{F4498A57-8650-423E-8CDF-4C81A06E5F37}.Release|iPhone.Build.0 = Release|Any CPU
		{F4498A57-8650-423E-8CDF-4C81A06E5F37}.Release|iPhone.Deploy.0 = Release|Any CPU
		{F4498A57-8650-423E-8CDF-4C81A06E5F37}.Release|iPhoneSimulator.ActiveCfg = Release|Any CPU
		{F4498A57-8650-423E-8CDF-4C81A06E5F37}.Release|iPhoneSimulator.Build.0 = Release|Any CPU
		{F4498A57-8650-423E-8CDF-4C81A06E5F37}.Release|iPhoneSimulator.Deploy.0 = Release|Any CPU
		{BFF18CDA-7CCE-4AC0-AE50-0778451B6E92}.Debug|Any CPU.ActiveCfg = Debug|iPhone
		{BFF18CDA-7CCE-4AC0-AE50-0778451B6E92}.Debug|Any CPU.Build.0 = Debug|iPhone
		{BFF18CDA-7CCE-4AC0-AE50-0778451B6E92}.Debug|Any CPU.Deploy.0 = Debug|iPhone
		{BFF18CDA-7CCE-4AC0-AE50-0778451B6E92}.Debug|iPhone.ActiveCfg = Debug|iPhone
		{BFF18CDA-7CCE-4AC0-AE50-0778451B6E92}.Debug|iPhone.Build.0 = Debug|iPhone
		{BFF18CDA-7CCE-4AC0-AE50-0778451B6E92}.Debug|iPhone.Deploy.0 = Debug|iPhone
		{BFF18CDA-7CCE-4AC0-AE50-0778451B6E92}.Debug|iPhoneSimulator.ActiveCfg = Debug|iPhoneSimulator
		{BFF18CDA-7CCE-4AC0-AE50-0778451B6E92}.Debug|iPhoneSimulator.Build.0 = Debug|iPhoneSimulator
		{BFF18CDA-7CCE-4AC0-AE50-0778451B6E92}.Debug|iPhoneSimulator.Deploy.0 = Debug|iPhoneSimulator
		{BFF18CDA-7CCE-4AC0-AE50-0778451B6E92}.Release|Any CPU.ActiveCfg = Release|iPhoneSimulator
		{BFF18CDA-7CCE-4AC0-AE50-0778451B6E92}.Release|Any CPU.Build.0 = Release|iPhoneSimulator
		{BFF18CDA-7CCE-4AC0-AE50-0778451B6E92}.Release|Any CPU.Deploy.0 = Release|iPhoneSimulator
		{BFF18CDA-7CCE-4AC0-AE50-0778451B6E92}.Release|iPhone.ActiveCfg = Release|iPhone
		{BFF18CDA-7CCE-4AC0-AE50-0778451B6E92}.Release|iPhone.Build.0 = Release|iPhone
		{BFF18CDA-7CCE-4AC0-AE50-0778451B6E92}.Release|iPhone.Deploy.0 = Release|iPhone
		{BFF18CDA-7CCE-4AC0-AE50-0778451B6E92}.Release|iPhoneSimulator.ActiveCfg = Release|iPhoneSimulator
		{BFF18CDA-7CCE-4AC0-AE50-0778451B6E92}.Release|iPhoneSimulator.Build.0 = Release|iPhoneSimulator
		{BFF18CDA-7CCE-4AC0-AE50-0778451B6E92}.Release|iPhoneSimulator.Deploy.0 = Release|iPhoneSimulator
		{9A0FF057-B49E-48CD-BEF3-B04C372678E2}.Debug|Any CPU.ActiveCfg = Debug|Any CPU
		{9A0FF057-B49E-48CD-BEF3-B04C372678E2}.Debug|Any CPU.Build.0 = Debug|Any CPU
		{9A0FF057-B49E-48CD-BEF3-B04C372678E2}.Debug|Any CPU.Deploy.0 = Debug|Any CPU
		{9A0FF057-B49E-48CD-BEF3-B04C372678E2}.Debug|iPhone.ActiveCfg = Debug|Any CPU
		{9A0FF057-B49E-48CD-BEF3-B04C372678E2}.Debug|iPhone.Build.0 = Debug|Any CPU
		{9A0FF057-B49E-48CD-BEF3-B04C372678E2}.Debug|iPhone.Deploy.0 = Debug|Any CPU
		{9A0FF057-B49E-48CD-BEF3-B04C372678E2}.Debug|iPhoneSimulator.ActiveCfg = Debug|Any CPU
		{9A0FF057-B49E-48CD-BEF3-B04C372678E2}.Debug|iPhoneSimulator.Build.0 = Debug|Any CPU
		{9A0FF057-B49E-48CD-BEF3-B04C372678E2}.Debug|iPhoneSimulator.Deploy.0 = Debug|Any CPU
		{9A0FF057-B49E-48CD-BEF3-B04C372678E2}.Release|Any CPU.ActiveCfg = Release|Any CPU
		{9A0FF057-B49E-48CD-BEF3-B04C372678E2}.Release|Any CPU.Build.0 = Release|Any CPU
		{9A0FF057-B49E-48CD-BEF3-B04C372678E2}.Release|Any CPU.Deploy.0 = Release|Any CPU
		{9A0FF057-B49E-48CD-BEF3-B04C372678E2}.Release|iPhone.ActiveCfg = Release|Any CPU
		{9A0FF057-B49E-48CD-BEF3-B04C372678E2}.Release|iPhone.Build.0 = Release|Any CPU
		{9A0FF057-B49E-48CD-BEF3-B04C372678E2}.Release|iPhone.Deploy.0 = Release|Any CPU
		{9A0FF057-B49E-48CD-BEF3-B04C372678E2}.Release|iPhoneSimulator.ActiveCfg = Release|Any CPU
		{9A0FF057-B49E-48CD-BEF3-B04C372678E2}.Release|iPhoneSimulator.Build.0 = Release|Any CPU
		{9A0FF057-B49E-48CD-BEF3-B04C372678E2}.Release|iPhoneSimulator.Deploy.0 = Release|Any CPU
	EndGlobalSection
	GlobalSection(SolutionProperties) = preSolution
		HideSolutionNode = FALSE
	EndGlobalSection
	GlobalSection(ExtensibilityGlobals) = postSolution
		SolutionGuid = {0EB19379-EE63-436F-A195-F3D6608B60ED}
	EndGlobalSection
EndGlobal
